# This file is autogenerated, do not edit; changes may be undone by the next 'dep ensure'.


[[projects]]
  name = "github.com/machinebox/sdk-go"
  packages = ["facebox","x/boxutil"]
  revision = "35b0d8f96ce61cf5ccd384e506900ecaacfafd3d"
  version = "v0.1"

[[projects]]
  name = "github.com/pkg/errors"
  packages = ["."]
  revision = "645ef00459ed84a119197bfb8d8205042c6df63d"
  version = "v0.8.0"

[solve-meta]
  analyzer-name = "dep"
  analyzer-version = 1
  inputs-digest = "d8e1951c4ebab7b69e27ddc27ba443dd42c08afefd1e48fbd52a9ee57d3a55c3"
  solver-name = "gps-cdcl"
  solver-version = 1
